// !$*UTF8*$!
{
	archiveVersion = 1;
	classes = {
	};
	objectVersion = 77;
	objects = {

/* Begin PBXBuildFile section */
		0FAE3020B89C748CB3E74DD2 /* CameraView.swift in Sources */ = {isa = PBXBuildFile; fileRef = 17F1A0EAFD4F1345AFCBD0A6 /* CameraView.swift */; };
		2E09F66ECFF0D2984165CC56 /* ContentView.swift in Sources */ = {isa = PBXBuildFile; fileRef = 574D9BBC1501AFFB90CA6DC5 /* ContentView.swift */; };
		3BC06AC91FB77718FDC04928 /* FredCamApp.swift in Sources */ = {isa = PBXBuildFile; fileRef = D6B82D54B89809A31797DAC6 /* FredCamApp.swift */; };
		77B6B995B68427079E54AFB6 /* PrinterSettings.swift in Sources */ = {isa = PBXBuildFile; fileRef = D0731396F86D7362A5BD957D /* PrinterSettings.swift */; };
		864B4765AD107EBE981FAF54 /* TLSProxy.swift in Sources */ = {isa = PBXBuildFile; fileRef = FB8FB61756E1881B37369250 /* TLSProxy.swift */; };
		A6621521BF0C42DA4BEF6501 /* Assets.xcassets in Resources */ = {isa = PBXBuildFile; fileRef = 0D914A940EDDDFC577205256 /* Assets.xcassets */; };
		A977B09E509656CA3262809A /* KSPlayer in Frameworks */ = {isa = PBXBuildFile; productRef = 5BC909A41B65D81458C8A401 /* KSPlayer */; };
		EB848DB87CEB20D6D50A0C90 /* SettingsView.swift in Sources */ = {isa = PBXBuildFile; fileRef = A6BAED0C477C47E3C22ADA6D /* SettingsView.swift */; };
/* End PBXBuildFile section */

/* Begin PBXFileReference section */
		0D914A940EDDDFC577205256 /* Assets.xcassets */ = {isa = PBXFileReference; lastKnownFileType = folder.assetcatalog; path = Assets.xcassets; sourceTree = "<group>"; };
		17F1A0EAFD4F1345AFCBD0A6 /* CameraView.swift */ = {isa = PBXFileReference; lastKnownFileType = sourcecode.swift; path = CameraView.swift; sourceTree = "<group>"; };
		574D9BBC1501AFFB90CA6DC5 /* ContentView.swift */ = {isa = PBXFileReference; lastKnownFileType = sourcecode.swift; path = ContentView.swift; sourceTree = "<group>"; };
		A6BAED0C477C47E3C22ADA6D /* SettingsView.swift */ = {isa = PBXFileReference; lastKnownFileType = sourcecode.swift; path = SettingsView.swift; sourceTree = "<group>"; };
		D0731396F86D7362A5BD957D /* PrinterSettings.swift */ = {isa = PBXFileReference; lastKnownFileType = sourcecode.swift; path = PrinterSettings.swift; sourceTree = "<group>"; };
		D6B82D54B89809A31797DAC6 /* FredCamApp.swift */ = {isa = PBXFileReference; lastKnownFileType = sourcecode.swift; path = FredCamApp.swift; sourceTree = "<group>"; };
		DFF4C29EF22E731D2FD5871E /* FredCam.app */ = {isa = PBXFileReference; includeInIndex = 0; lastKnownFileType = wrapper.application; path = FredCam.app; sourceTree = BUILT_PRODUCTS_DIR; };
		F80A910A3965DFE7DE98A7FE /* Info.plist */ = {isa = PBXFileReference; lastKnownFileType = text.plist; path = Info.plist; sourceTree = "<group>"; };
		FB8FB61756E1881B37369250 /* TLSProxy.swift */ = {isa = PBXFileReference; lastKnownFileType = sourcecode.swift; path = TLSProxy.swift; sourceTree = "<group>"; };
/* End PBXFileReference section */

/* Begin PBXFrameworksBuildPhase section */
		D5AFB1004492B60B88DE2A9D /* Frameworks */ = {
			isa = PBXFrameworksBuildPhase;
			buildActionMask = 2147483647;
			files = (
				A977B09E509656CA3262809A /* KSPlayer in Frameworks */,
			);
			runOnlyForDeploymentPostprocessing = 0;
		};
/* End PBXFrameworksBuildPhase section */

/* Begin PBXGroup section */
		762BC3E6F2EEDC6FA501F57F /* FredCam */ = {
			isa = PBXGroup;
			children = (
				0D914A940EDDDFC577205256 /* Assets.xcassets */,
				17F1A0EAFD4F1345AFCBD0A6 /* CameraView.swift */,
				574D9BBC1501AFFB90CA6DC5 /* ContentView.swift */,
				D6B82D54B89809A31797DAC6 /* FredCamApp.swift */,
				F80A910A3965DFE7DE98A7FE /* Info.plist */,
				D0731396F86D7362A5BD957D /* PrinterSettings.swift */,
				A6BAED0C477C47E3C22ADA6D /* SettingsView.swift */,
				FB8FB61756E1881B37369250 /* TLSProxy.swift */,
			);
			path = FredCam;
			sourceTree = "<group>";
		};
		D6200E8AEE3525A6158E5856 = {
			isa = PBXGroup;
			children = (
				762BC3E6F2EEDC6FA501F57F /* FredCam */,
				E285FA0DA1D9845674085911 /* Products */,
			);
			sourceTree = "<group>";
		};
		E285FA0DA1D9845674085911 /* Products */ = {
			isa = PBXGroup;
			children = (
				DFF4C29EF22E731D2FD5871E /* FredCam.app */,
			);
			name = Products;
			sourceTree = "<group>";
		};
/* End PBXGroup section */

/* Begin PBXNativeTarget section */
		10B515E9B9924D4A3DCFC6EF /* FredCam */ = {
			isa = PBXNativeTarget;
			buildConfigurationList = 944646825B6DFE523373F78C /* Build configuration list for PBXNativeTarget "FredCam" */;
			buildPhases = (
				45E6A9A665896C703745F004 /* Sources */,
				18FABEAAE671C1D83E546CC8 /* Resources */,
				D5AFB1004492B60B88DE2A9D /* Frameworks */,
				4B6FFC89E2523FA3412FF8E6 /* Fix Embedded Framework Bundle Identifiers */,
			);
			buildRules = (
			);
			dependencies = (
			);
			name = FredCam;
			packageProductDependencies = (
				5BC909A41B65D81458C8A401 /* KSPlayer */,
			);
			productName = FredCam;
			productReference = DFF4C29EF22E731D2FD5871E /* FredCam.app */;
			productType = "com.apple.product-type.application";
		};
/* End PBXNativeTarget section */

/* Begin PBXProject section */
		FDC262D5DBEC9F5792CD4484 /* Project object */ = {
			isa = PBXProject;
			attributes = {
				BuildIndependentTargetsInParallel = YES;
				LastUpgradeCheck = 1600;
				TargetAttributes = {
					10B515E9B9924D4A3DCFC6EF = {
						DevelopmentTeam = "";
					};
				};
			};
			buildConfigurationList = 6E85C959CDC337C4556E3662 /* Build configuration list for PBXProject "FredCam" */;
			developmentRegion = en;
			hasScannedForEncodings = 0;
			knownRegions = (
				Base,
				en,
			);
			mainGroup = D6200E8AEE3525A6158E5856;
			minimizedProjectReferenceProxies = 1;
			packageReferences = (
				23D36EA92B03B416BAD3ECFF /* XCRemoteSwiftPackageReference "KSPlayer" */,
			);
			preferredProjectObjectVersion = 77;
			productRefGroup = E285FA0DA1D9845674085911 /* Products */;
			projectDirPath = "";
			projectRoot = "";
			targets = (
				10B515E9B9924D4A3DCFC6EF /* FredCam */,
			);
		};
/* End PBXProject section */

/* Begin PBXResourcesBuildPhase section */
		18FABEAAE671C1D83E546CC8 /* Resources */ = {
			isa = PBXResourcesBuildPhase;
			buildActionMask = 2147483647;
			files = (
				A6621521BF0C42DA4BEF6501 /* Assets.xcassets in Resources */,
			);
			runOnlyForDeploymentPostprocessing = 0;
		};
/* End PBXResourcesBuildPhase section */

/* Begin PBXShellScriptBuildPhase section */
		4B6FFC89E2523FA3412FF8E6 /* Fix Embedded Framework Bundle Identifiers */ = {
			isa = PBXShellScriptBuildPhase;
			buildActionMask = 2147483647;
			files = (
			);
			inputFileListPaths = (
			);
			inputPaths = (
			);
			name = "Fix Embedded Framework Bundle Identifiers";
			outputFileListPaths = (
			);
			outputPaths = (
			);
			runOnlyForDeploymentPostprocessing = 0;
			shellPath = /bin/sh;
			shellScript = "find \"${BUILT_PRODUCTS_DIR}/${FRAMEWORKS_FOLDER_PATH}\" -name \"*.framework\" -maxdepth 1 | while read framework; do\n  plist=\"$framework/Info.plist\"\n  if [ -f \"$plist\" ]; then\n    bundle_id=$(/usr/libexec/PlistBuddy -c \"Print CFBundleIdentifier\" \"$plist\" 2>/dev/null)\n    fixed_id=$(echo \"$bundle_id\" | tr '_' '-')\n    if [ \"$bundle_id\" != \"$fixed_id\" ]; then\n      /usr/libexec/PlistBuddy -c \"Set :CFBundleIdentifier $fixed_id\" \"$plist\"\n    fi\n  fi\ndone\n";
			showEnvVarsInLog = 0;
		};
/* End PBXShellScriptBuildPhase section */

/* Begin PBXSourcesBuildPhase section */
		45E6A9A665896C703745F004 /* Sources */ = {
			isa = PBXSourcesBuildPhase;
			buildActionMask = 2147483647;
			files = (
				0FAE3020B89C748CB3E74DD2 /* CameraView.swift in Sources */,
				2E09F66ECFF0D2984165CC56 /* ContentView.swift in Sources */,
				3BC06AC91FB77718FDC04928 /* FredCamApp.swift in Sources */,
				77B6B995B68427079E54AFB6 /* PrinterSettings.swift in Sources */,
				EB848DB87CEB20D6D50A0C90 /* SettingsView.swift in Sources */,
				864B4765AD107EBE981FAF54 /* TLSProxy.swift in Sources */,
			);
			runOnlyForDeploymentPostprocessing = 0;
		};
/* End PBXSourcesBuildPhase section */

/* Begin XCBuildConfiguration section */
		1AA5FAC605AC6884D9389A65 /* Debug */ = {
			isa = XCBuildConfiguration;
			buildSettings = {
				ALWAYS_SEARCH_USER_PATHS = NO;
				CLANG_ANALYZER_NONNULL = YES;
				CLANG_ANALYZER_NUMBER_OBJECT_CONVERSION = YES_AGGRESSIVE;
				CLANG_CXX_LANGUAGE_STANDARD = "gnu++14";
				CLANG_CXX_LIBRARY = "libc++";
				CLANG_ENABLE_MODULES = YES;
				CLANG_ENABLE_OBJC_ARC = YES;
				CLANG_ENABLE_OBJC_WEAK = YES;
				CLANG_WARN_BLOCK_CAPTURE_AUTORELEASING = YES;
				CLANG_WARN_BOOL_CONVERSION = YES;
				CLANG_WARN_COMMA = YES;
				CLANG_WARN_CONSTANT_CONVERSION = YES;
				CLANG_WARN_DEPRECATED_OBJC_IMPLEMENTATIONS = YES;
				CLANG_WARN_DIRECT_OBJC_ISA_USAGE = YES_ERROR;
				CLANG_WARN_DOCUMENTATION_COMMENTS = YES;
				CLANG_WARN_EMPTY_BODY = YES;
				CLANG_WARN_ENUM_CONVERSION = YES;
				CLANG_WARN_INFINITE_RECURSION = YES;
				CLANG_WARN_INT_CONVERSION = YES;
				CLANG_WARN_NON_LITERAL_NULL_CONVERSION = YES;
				CLANG_WARN_OBJC_IMPLICIT_RETAIN_SELF = YES;
				CLANG_WARN_OBJC_LITERAL_CONVERSION = YES;
				CLANG_WARN_OBJC_ROOT_CLASS = YES_ERROR;
				CLANG_WARN_QUOTED_INCLUDE_IN_FRAMEWORK_HEADER = YES;
				CLANG_WARN_RANGE_LOOP_ANALYSIS = YES;
				CLANG_WARN_STRICT_PROTOTYPES = YES;
				CLANG_WARN_SUSPICIOUS_MOVE = YES;
				CLANG_WARN_UNGUARDED_AVAILABILITY = YES_AGGRESSIVE;
				CLANG_WARN_UNREACHABLE_CODE = YES;
				CLANG_WARN__DUPLICATE_METHOD_MATCH = YES;
				COPY_PHASE_STRIP = NO;
				DEBUG_INFORMATION_FORMAT = dwarf;
				ENABLE_STRICT_OBJC_MSGSEND = YES;
				ENABLE_TESTABILITY = YES;
				GCC_C_LANGUAGE_STANDARD = gnu11;
				GCC_DYNAMIC_NO_PIC = NO;
				GCC_NO_COMMON_BLOCKS = YES;
				GCC_OPTIMIZATION_LEVEL = 0;
				GCC_PREPROCESSOR_DEFINITIONS = (
					"$(inherited)",
					"DEBUG=1",
				);
				GCC_WARN_64_TO_32_BIT_CONVERSION = YES;
				GCC_WARN_ABOUT_RETURN_TYPE = YES_ERROR;
				GCC_WARN_UNDECLARED_SELECTOR = YES;
				GCC_WARN_UNINITIALIZED_AUTOS = YES_AGGRESSIVE;
				GCC_WARN_UNUSED_FUNCTION = YES;
				GCC_WARN_UNUSED_VARIABLE = YES;
				IPHONEOS_DEPLOYMENT_TARGET = 26.0;
				MTL_ENABLE_DEBUG_INFO = INCLUDE_SOURCE;
				MTL_FAST_MATH = YES;
				ONLY_ACTIVE_ARCH = YES;
				PRODUCT_NAME = "$(TARGET_NAME)";
				SDKROOT = iphoneos;
				SWIFT_ACTIVE_COMPILATION_CONDITIONS = DEBUG;
				SWIFT_OPTIMIZATION_LEVEL = "-Onone";
				SWIFT_VERSION = 5.0;
			};
			name = Debug;
		};
		5DCDD9F64F98519FFE2D7F7D /* Release */ = {
			isa = XCBuildConfiguration;
			buildSettings = {
				ALWAYS_SEARCH_USER_PATHS = NO;
				CLANG_ANALYZER_NONNULL = YES;
				CLANG_ANALYZER_NUMBER_OBJECT_CONVERSION = YES_AGGRESSIVE;
				CLANG_CXX_LANGUAGE_STANDARD = "gnu++14";
				CLANG_CXX_LIBRARY = "libc++";
				CLANG_ENABLE_MODULES = YES;
				CLANG_ENABLE_OBJC_ARC = YES;
				CLANG_ENABLE_OBJC_WEAK = YES;
				CLANG_WARN_BLOCK_CAPTURE_AUTORELEASING = YES;
				CLANG_WARN_BOOL_CONVERSION = YES;
				CLANG_WARN_COMMA = YES;
				CLANG_WARN_CONSTANT_CONVERSION = YES;
				CLANG_WARN_DEPRECATED_OBJC_IMPLEMENTATIONS = YES;
				CLANG_WARN_DIRECT_OBJC_ISA_USAGE = YES_ERROR;
				CLANG_WARN_DOCUMENTATION_COMMENTS = YES;
				CLANG_WARN_EMPTY_BODY = YES;
				CLANG_WARN_ENUM_CONVERSION = YES;
				CLANG_WARN_INFINITE_RECURSION = YES;
				CLANG_WARN_INT_CONVERSION = YES;
				CLANG_WARN_NON_LITERAL_NULL_CONVERSION = YES;
				CLANG_WARN_OBJC_IMPLICIT_RETAIN_SELF = YES;
				CLANG_WARN_OBJC_LITERAL_CONVERSION = YES;
				CLANG_WARN_OBJC_ROOT_CLASS = YES_ERROR;
				CLANG_WARN_QUOTED_INCLUDE_IN_FRAMEWORK_HEADER = YES;
				CLANG_WARN_RANGE_LOOP_ANALYSIS = YES;
				CLANG_WARN_STRICT_PROTOTYPES = YES;
				CLANG_WARN_SUSPICIOUS_MOVE = YES;
				CLANG_WARN_UNGUARDED_AVAILABILITY = YES_AGGRESSIVE;
				CLANG_WARN_UNREACHABLE_CODE = YES;
				CLANG_WARN__DUPLICATE_METHOD_MATCH = YES;
				COPY_PHASE_STRIP = NO;
				DEBUG_INFORMATION_FORMAT = "dwarf-with-dsym";
				ENABLE_NS_ASSERTIONS = NO;
				ENABLE_STRICT_OBJC_MSGSEND = YES;
				GCC_C_LANGUAGE_STANDARD = gnu11;
				GCC_NO_COMMON_BLOCKS = YES;
				GCC_WARN_64_TO_32_BIT_CONVERSION = YES;
				GCC_WARN_ABOUT_RETURN_TYPE = YES_ERROR;
				GCC_WARN_UNDECLARED_SELECTOR = YES;
				GCC_WARN_UNINITIALIZED_AUTOS = YES_AGGRESSIVE;
				GCC_WARN_UNUSED_FUNCTION = YES;
				GCC_WARN_UNUSED_VARIABLE = YES;
				IPHONEOS_DEPLOYMENT_TARGET = 26.0;
				MTL_ENABLE_DEBUG_INFO = NO;
				MTL_FAST_MATH = YES;
				PRODUCT_NAME = "$(TARGET_NAME)";
				SDKROOT = iphoneos;
				SWIFT_COMPILATION_MODE = wholemodule;
				SWIFT_OPTIMIZATION_LEVEL = "-O";
				SWIFT_VERSION = 5.0;
			};
			name = Release;
		};
		66C5A67AF5C66EDA6B70D632 /* Debug */ = {
			isa = XCBuildConfiguration;
			buildSettings = {
				ASSETCATALOG_COMPILER_APPICON_NAME = AppIcon;
				CODE_SIGN_IDENTITY = "iPhone Developer";
				CURRENT_PROJECT_VERSION = 1;
				DEVELOPMENT_TEAM = "";
				DISABLE_MANUAL_TARGET_ORDER_BUILD_WARNING = YES;
				INFOPLIST_FILE = FredCam/Info.plist;
				LD_RUNPATH_SEARCH_PATHS = (
					"$(inherited)",
					"@executable_path/Frameworks",
				);
				MARKETING_VERSION = 1.0;
				PRODUCT_BUNDLE_IDENTIFIER = com.bojordan.FredCam;
				SDKROOT = iphoneos;
				SUPPORTS_MACCATALYST = NO;
				SWIFT_VERSION = 5.9;
				TARGETED_DEVICE_FAMILY = "1,2";
			};
			name = Debug;
		};
		90EB0AEC3C035E66D7DF9ECD /* Release */ = {
			isa = XCBuildConfiguration;
			buildSettings = {
				ASSETCATALOG_COMPILER_APPICON_NAME = AppIcon;
				CODE_SIGN_IDENTITY = "iPhone Developer";
				CURRENT_PROJECT_VERSION = 1;
				DEVELOPMENT_TEAM = "";
				DISABLE_MANUAL_TARGET_ORDER_BUILD_WARNING = YES;
				INFOPLIST_FILE = FredCam/Info.plist;
				LD_RUNPATH_SEARCH_PATHS = (
					"$(inherited)",
					"@executable_path/Frameworks",
				);
				MARKETING_VERSION = 1.0;
				PRODUCT_BUNDLE_IDENTIFIER = com.bojordan.FredCam;
				SDKROOT = iphoneos;
				SUPPORTS_MACCATALYST = NO;
				SWIFT_VERSION = 5.9;
				TARGETED_DEVICE_FAMILY = "1,2";
			};
			name = Release;
		};
/* End XCBuildConfiguration section */

/* Begin XCConfigurationList section */
		6E85C959CDC337C4556E3662 /* Build configuration list for PBXProject "FredCam" */ = {
			isa = XCConfigurationList;
			buildConfigurations = (
				1AA5FAC605AC6884D9389A65 /* Debug */,
				5DCDD9F64F98519FFE2D7F7D /* Release */,
			);
			defaultConfigurationIsVisible = 0;
			defaultConfigurationName = Debug;
		};
		944646825B6DFE523373F78C /* Build configuration list for PBXNativeTarget "FredCam" */ = {
			isa = XCConfigurationList;
			buildConfigurations = (
				66C5A67AF5C66EDA6B70D632 /* Debug */,
				90EB0AEC3C035E66D7DF9ECD /* Release */,
			);
			defaultConfigurationIsVisible = 0;
			defaultConfigurationName = Debug;
		};
/* End XCConfigurationList section */

/* Begin XCRemoteSwiftPackageReference section */
		23D36EA92B03B416BAD3ECFF /* XCRemoteSwiftPackageReference "KSPlayer" */ = {
			isa = XCRemoteSwiftPackageReference;
			repositoryURL = "https://github.com/kingslay/KSPlayer.git";
			requirement = {
				kind = upToNextMajorVersion;
				minimumVersion = 2.2.0;
			};
		};
/* End XCRemoteSwiftPackageReference section */

/* Begin XCSwiftPackageProductDependency section */
		5BC909A41B65D81458C8A401 /* KSPlayer */ = {
			isa = XCSwiftPackageProductDependency;
			package = 23D36EA92B03B416BAD3ECFF /* XCRemoteSwiftPackageReference "KSPlayer" */;
			productName = KSPlayer;
		};
/* End XCSwiftPackageProductDependency section */
	};
	rootObject = FDC262D5DBEC9F5792CD4484 /* Project object */;
}
